
Microsoft Visual Studio Solution File, Format Version 12.00
# Visual Studio 15
VisualStudioVersion = 15.0.28307.2092
MinimumVisualStudioVersion = 10.0.40219.1
Project("{8BC9CEB8-8B4A-11D0-8D11-00A0C91BC942}") = "P15", "P15\P15.vcxproj", "{CADF5751-B5B0-49C1-A920-4B3CEAE3D51D}"
EndProject
Global
	GlobalSection(SolutionConfigurationPlatforms) = preSolution
		Debug|x64 = Debug|x64
		Debug|x86 = Debug|x86
		Release|x64 = Release|x64
		Release|x86 = Release|x86
	EndGlobalSection
	GlobalSection(ProjectConfigurationPlatforms) = postSolution
		{CADF5751-B5B0-49C1-A920-4B3CEAE3D51D}.Debug|x64.ActiveCfg = Debug|x64
		{CADF5751-B5B0-49C1-A920-4B3CEAE3D51D}.Debug|x64.Build.0 = Debug|x64
		{CADF5751-B5B0-49C1-A920-4B3CEAE3D51D}.Debug|x86.ActiveCfg = Debug|Win32
		{CADF5751-B5B0-49C1-A920-4B3CEAE3D51D}.Debug|x86.Build.0 = Debug|Win32
		{CADF5751-B5B0-49C1-A920-4B3CEAE3D51D}.Release|x64.ActiveCfg = Release|x64
		{CADF5751-B5B0-49C1-A920-4B3CEAE3D51D}.Release|x64.Build.0 = Release|x64
		{CADF5751-B5B0-49C1-A920-4B3CEAE3D51D}.Release|x86.ActiveCfg = Release|Win32
		{CADF5751-B5B0-49C1-A920-4B3CEAE3D51D}.Release|x86.Build.0 = Release|Win32
	EndGlobalSection
	GlobalSection(SolutionProperties) = preSolution
		HideSolutionNode = FALSE
	EndGlobalSection
	GlobalSection(ExtensibilityGlobals) = postSolution
		SolutionGuid = {C15F65FF-DF82-4495-A9AC-196BA38B2AF0}
	EndGlobalSection
EndGlobal
